
Microsoft Visual Studio Solution File, Format Version 12.00
# Visual Studio Version 16
VisualStudioVersion = 16.0.31515.178
MinimumVisualStudioVersion = 10.0.40219.1
Project("{9A19103F-16F7-4668-BE54-9A1E7A4F7556}") = "ATP_Book", "TestProject1\ATP_Book.csproj", "{273E816D-78A3-4A70-81CA-9E2AC709F191}"
EndProject
Project("{FAE04EC0-301F-11D3-BF4B-00C04F79EFBC}") = "ConsoleApp1", "ConsoleApp1\ConsoleApp1.csproj", "{6015C092-3651-4E4D-A178-5D7779900784}"
EndProject
Global
	GlobalSection(SolutionConfigurationPlatforms) = preSolution
		Debug|Any CPU = Debug|Any CPU
		Release|Any CPU = Release|Any CPU
	EndGlobalSection
	GlobalSection(ProjectConfigurationPlatforms) = postSolution
		{273E816D-78A3-4A70-81CA-9E2AC709F191}.Debug|Any CPU.ActiveCfg = Debug|Any CPU
		{273E816D-78A3-4A70-81CA-9E2AC709F191}.Debug|Any CPU.Build.0 = Debug|Any CPU
		{273E816D-78A3-4A70-81CA-9E2AC709F191}.Release|Any CPU.ActiveCfg = Release|Any CPU
		{273E816D-78A3-4A70-81CA-9E2AC709F191}.Release|Any CPU.Build.0 = Release|Any CPU
		{6015C092-3651-4E4D-A178-5D7779900784}.Debug|Any CPU.ActiveCfg = Debug|Any CPU
		{6015C092-3651-4E4D-A178-5D7779900784}.Debug|Any CPU.Build.0 = Debug|Any CPU
		{6015C092-3651-4E4D-A178-5D7779900784}.Release|Any CPU.ActiveCfg = Release|Any CPU
		{6015C092-3651-4E4D-A178-5D7779900784}.Release|Any CPU.Build.0 = Release|Any CPU
	EndGlobalSection
	GlobalSection(SolutionProperties) = preSolution
		HideSolutionNode = FALSE
	EndGlobalSection
	GlobalSection(ExtensibilityGlobals) = postSolution
		SolutionGuid = {D0BB3011-9D36-4170-96D6-F81B9BCAAFEC}
	EndGlobalSection
EndGlobal
